
Microsoft Visual Studio Solution File, Format Version 12.00
# Visual Studio Version 17
VisualStudioVersion = 17.14.36804.6 d17.14
MinimumVisualStudioVersion = 10.0.40219.1
Project("{FAE04EC0-301F-11D3-BF4B-00C04F79EFBC}") = "FZK.Shell", "FZK.Shell\FZK.Shell.csproj", "{62BBBCB2-62F1-4765-9976-FA9EFEC2C4F5}"
EndProject
Project("{2150E333-8FDC-42A3-9474-1A3956D46DE8}") = "解决方案项", "解决方案项", "{9FA3D6BD-1EC1-3BA5-80CB-CE02773A58D5}"
	ProjectSection(SolutionItems) = preProject
		开发日志.txt = 开发日志.txt
	EndProjectSection
EndProject
Global
	GlobalSection(SolutionConfigurationPlatforms) = preSolution
		Debug|Any CPU = Debug|Any CPU
		Release|Any CPU = Release|Any CPU
	EndGlobalSection
	GlobalSection(ProjectConfigurationPlatforms) = postSolution
		{62BBBCB2-62F1-4765-9976-FA9EFEC2C4F5}.Debug|Any CPU.ActiveCfg = Debug|Any CPU
		{62BBBCB2-62F1-4765-9976-FA9EFEC2C4F5}.Debug|Any CPU.Build.0 = Debug|Any CPU
		{62BBBCB2-62F1-4765-9976-FA9EFEC2C4F5}.Release|Any CPU.ActiveCfg = Release|Any CPU
		{62BBBCB2-62F1-4765-9976-FA9EFEC2C4F5}.Release|Any CPU.Build.0 = Release|Any CPU
	EndGlobalSection
	GlobalSection(SolutionProperties) = preSolution
		HideSolutionNode = FALSE
	EndGlobalSection
	GlobalSection(ExtensibilityGlobals) = postSolution
		SolutionGuid = {9496D9DD-75CF-4E80-A086-A8578FF1A366}
	EndGlobalSection
EndGlobal
