
Microsoft Visual Studio Solution File, Format Version 12.00
# Visual Studio Version 17
VisualStudioVersion = 17.14.36804.6
MinimumVisualStudioVersion = 10.0.40219.1
Project("{FAE04EC0-301F-11D3-BF4B-00C04F79EFBC}") = "FZK.Shell", "FZK.Shell\FZK.Shell.csproj", "{62BBBCB2-62F1-4765-9976-FA9EFEC2C4F5}"
EndProject
Project("{2150E333-8FDC-42A3-9474-1A3956D46DE8}") = "解决方案项", "解决方案项", "{9FA3D6BD-1EC1-3BA5-80CB-CE02773A58D5}"
	ProjectSection(SolutionItems) = preProject
		开发日志.txt = 开发日志.txt
	EndProjectSection
EndProject
Project("{2150E333-8FDC-42A3-9474-1A3956D46DE8}") = "Common", "Common", "{02EA681E-C7D8-13C7-8484-4AC65E1B71E8}"
EndProject
Project("{FAE04EC0-301F-11D3-BF4B-00C04F79EFBC}") = "FZK.Logger", "FZK.Logger\FZK.Logger.csproj", "{CABB804A-AE12-4D2C-8BB5-6D54F91C4A5D}"
EndProject
Project("{FAE04EC0-301F-11D3-BF4B-00C04F79EFBC}") = "FZK.Core", "FZK.Core\FZK.Core.csproj", "{552E8EE4-B039-44F8-9EA1-B527570EA3FE}"
EndProject
Project("{2150E333-8FDC-42A3-9474-1A3956D46DE8}") = "Application", "Application", "{32E5CC52-1337-42EA-AB95-AC1F7688548A}"
EndProject
Project("{FAE04EC0-301F-11D3-BF4B-00C04F79EFBC}") = "FZK.Application.UI", "FZK.Application.UI\FZK.Application.UI.csproj", "{C52194B8-94C8-44BC-8E7E-682FDFAA18CE}"
EndProject
Project("{FAE04EC0-301F-11D3-BF4B-00C04F79EFBC}") = "FZK.Application.Login", "FZK.Application.Login\FZK.Application.Login.csproj", "{FB5C167B-D3DE-434D-AA25-F2F5D8D79118}"
EndProject
Project("{FAE04EC0-301F-11D3-BF4B-00C04F79EFBC}") = "FZK.Application.Designer", "FZK.Application.Designer\FZK.Application.Designer.csproj", "{0E9B098A-CC6E-4E62-B3D2-5D23908BC472}"
EndProject
Project("{2150E333-8FDC-42A3-9474-1A3956D46DE8}") = "Datebase", "Datebase", "{2A1A2ED7-B62A-4DB2-8781-B725914770B8}"
EndProject
Project("{FAE04EC0-301F-11D3-BF4B-00C04F79EFBC}") = "FZK.Database.Base", "FZK.Database.Base\FZK.Database.Base.csproj", "{8C0E8C31-F745-4FF0-87C6-A76075CD3776}"
EndProject
Project("{FAE04EC0-301F-11D3-BF4B-00C04F79EFBC}") = "FZK.Databse.Sqlite", "FZK.Databse.Sqlite\FZK.Databse.Sqlite.csproj", "{8C481E03-0E43-4D80-B476-ABE28E29A777}"
EndProject
Project("{FAE04EC0-301F-11D3-BF4B-00C04F79EFBC}") = "FZK.Application.Share", "FZK.Application.Share\FZK.Application.Share.csproj", "{EAE5C391-D06C-46BA-B809-E9BB621D39ED}"
EndProject
Project("{FAE04EC0-301F-11D3-BF4B-00C04F79EFBC}") = "FZK.Application.Main", "FZK.Application.Main\FZK.Application.Main.csproj", "{9A1B9DE0-C20D-4D64-8F42-AC83C3413C33}"
EndProject
Project("{FAE04EC0-301F-11D3-BF4B-00C04F79EFBC}") = "FZK.Application.Run", "FZK.Application.Run\FZK.Application.Run.csproj", "{E15A346A-10FC-4499-8493-BBDA2E394196}"
EndProject
Project("{FAE04EC0-301F-11D3-BF4B-00C04F79EFBC}") = "FZK.Application.Initialize", "FZK.Application.Initialize\FZK.Application.Initialize.csproj", "{88881FA0-F162-49B6-9448-DF335FC589DD}"
EndProject
Project("{2150E333-8FDC-42A3-9474-1A3956D46DE8}") = "Hardware", "Hardware", "{3976A8D8-A1FE-44E7-93F6-A04A4CF8428E}"
EndProject
Project("{FAE04EC0-301F-11D3-BF4B-00C04F79EFBC}") = "FZK.Application.Config", "FZK.Application.Config\FZK.Application.Config.csproj", "{B4BAEFBD-7261-49FE-8B07-0D7C6A1B664A}"
EndProject
Project("{FAE04EC0-301F-11D3-BF4B-00C04F79EFBC}") = "FZK.Hardware.Scanner.Base", "FZK.Hardware.Scanner.Base\FZK.Hardware.Scanner.Base.csproj", "{E49C07CA-9E5D-4694-87CB-FA330905789F}"
EndProject
Project("{FAE04EC0-301F-11D3-BF4B-00C04F79EFBC}") = "FZK.Hardware.PLC.Base", "FZK.Hardware.PLC.Base\FZK.Hardware.PLC.Base.csproj", "{CAD481D6-740D-4FB0-9CEC-4ABC25FF449D}"
EndProject
Project("{FAE04EC0-301F-11D3-BF4B-00C04F79EFBC}") = "FZK.Hardware.Robot.Base", "FZK.Hardware.Robot.Base\FZK.Hardware.Robot.Base.csproj", "{B0CC9BDF-24B0-4B50-8F9B-7180A348E735}"
EndProject
Project("{FAE04EC0-301F-11D3-BF4B-00C04F79EFBC}") = "FZK.Hardware.Scanner.Cognex", "FZK.Hardware.Scanner.Cognex\FZK.Hardware.Scanner.Cognex.csproj", "{1B3E0B71-8393-429E-BF3D-5980955B9EC2}"
EndProject
Project("{FAE04EC0-301F-11D3-BF4B-00C04F79EFBC}") = "FZK.Hardware.Robot.Epson", "FZK.Hardware.Robot.Epson\FZK.Hardware.Robot.Epson.csproj", "{842025B8-8392-4FA8-9631-3E725AE355EF}"
EndProject
Project("{FAE04EC0-301F-11D3-BF4B-00C04F79EFBC}") = "FZK.Hardware.PLC.Omron", "FZK.Hardware.PLC.Omron\FZK.Hardware.PLC.Omron.csproj", "{53542F33-FC69-4196-B43D-53D626E78F8C}"
EndProject
Project("{FAE04EC0-301F-11D3-BF4B-00C04F79EFBC}") = "FZK.Application.Debug", "FZK.Application.Debug\FZK.Application.Debug.csproj", "{A4FEB8F4-D667-432E-8430-DDC7CE3D4FC4}"
EndProject
Global
	GlobalSection(SolutionConfigurationPlatforms) = preSolution
		Debug|Any CPU = Debug|Any CPU
		Release|Any CPU = Release|Any CPU
	EndGlobalSection
	GlobalSection(ProjectConfigurationPlatforms) = postSolution
		{62BBBCB2-62F1-4765-9976-FA9EFEC2C4F5}.Debug|Any CPU.ActiveCfg = Debug|Any CPU
		{62BBBCB2-62F1-4765-9976-FA9EFEC2C4F5}.Debug|Any CPU.Build.0 = Debug|Any CPU
		{62BBBCB2-62F1-4765-9976-FA9EFEC2C4F5}.Release|Any CPU.ActiveCfg = Release|Any CPU
		{62BBBCB2-62F1-4765-9976-FA9EFEC2C4F5}.Release|Any CPU.Build.0 = Release|Any CPU
		{CABB804A-AE12-4D2C-8BB5-6D54F91C4A5D}.Debug|Any CPU.ActiveCfg = Debug|Any CPU
		{CABB804A-AE12-4D2C-8BB5-6D54F91C4A5D}.Debug|Any CPU.Build.0 = Debug|Any CPU
		{CABB804A-AE12-4D2C-8BB5-6D54F91C4A5D}.Release|Any CPU.ActiveCfg = Release|Any CPU
		{CABB804A-AE12-4D2C-8BB5-6D54F91C4A5D}.Release|Any CPU.Build.0 = Release|Any CPU
		{552E8EE4-B039-44F8-9EA1-B527570EA3FE}.Debug|Any CPU.ActiveCfg = Debug|Any CPU
		{552E8EE4-B039-44F8-9EA1-B527570EA3FE}.Debug|Any CPU.Build.0 = Debug|Any CPU
		{552E8EE4-B039-44F8-9EA1-B527570EA3FE}.Release|Any CPU.ActiveCfg = Release|Any CPU
		{552E8EE4-B039-44F8-9EA1-B527570EA3FE}.Release|Any CPU.Build.0 = Release|Any CPU
		{C52194B8-94C8-44BC-8E7E-682FDFAA18CE}.Debug|Any CPU.ActiveCfg = Debug|Any CPU
		{C52194B8-94C8-44BC-8E7E-682FDFAA18CE}.Debug|Any CPU.Build.0 = Debug|Any CPU
		{C52194B8-94C8-44BC-8E7E-682FDFAA18CE}.Release|Any CPU.ActiveCfg = Release|Any CPU
		{C52194B8-94C8-44BC-8E7E-682FDFAA18CE}.Release|Any CPU.Build.0 = Release|Any CPU
		{FB5C167B-D3DE-434D-AA25-F2F5D8D79118}.Debug|Any CPU.ActiveCfg = Debug|Any CPU
		{FB5C167B-D3DE-434D-AA25-F2F5D8D79118}.Debug|Any CPU.Build.0 = Debug|Any CPU
		{FB5C167B-D3DE-434D-AA25-F2F5D8D79118}.Release|Any CPU.ActiveCfg = Release|Any CPU
		{FB5C167B-D3DE-434D-AA25-F2F5D8D79118}.Release|Any CPU.Build.0 = Release|Any CPU
		{0E9B098A-CC6E-4E62-B3D2-5D23908BC472}.Debug|Any CPU.ActiveCfg = Debug|Any CPU
		{0E9B098A-CC6E-4E62-B3D2-5D23908BC472}.Debug|Any CPU.Build.0 = Debug|Any CPU
		{0E9B098A-CC6E-4E62-B3D2-5D23908BC472}.Release|Any CPU.ActiveCfg = Release|Any CPU
		{0E9B098A-CC6E-4E62-B3D2-5D23908BC472}.Release|Any CPU.Build.0 = Release|Any CPU
		{8C0E8C31-F745-4FF0-87C6-A76075CD3776}.Debug|Any CPU.ActiveCfg = Debug|Any CPU
		{8C0E8C31-F745-4FF0-87C6-A76075CD3776}.Debug|Any CPU.Build.0 = Debug|Any CPU
		{8C0E8C31-F745-4FF0-87C6-A76075CD3776}.Release|Any CPU.ActiveCfg = Release|Any CPU
		{8C0E8C31-F745-4FF0-87C6-A76075CD3776}.Release|Any CPU.Build.0 = Release|Any CPU
		{8C481E03-0E43-4D80-B476-ABE28E29A777}.Debug|Any CPU.ActiveCfg = Debug|Any CPU
		{8C481E03-0E43-4D80-B476-ABE28E29A777}.Debug|Any CPU.Build.0 = Debug|Any CPU
		{8C481E03-0E43-4D80-B476-ABE28E29A777}.Release|Any CPU.ActiveCfg = Release|Any CPU
		{8C481E03-0E43-4D80-B476-ABE28E29A777}.Release|Any CPU.Build.0 = Release|Any CPU
		{EAE5C391-D06C-46BA-B809-E9BB621D39ED}.Debug|Any CPU.ActiveCfg = Debug|Any CPU
		{EAE5C391-D06C-46BA-B809-E9BB621D39ED}.Debug|Any CPU.Build.0 = Debug|Any CPU
		{EAE5C391-D06C-46BA-B809-E9BB621D39ED}.Release|Any CPU.ActiveCfg = Release|Any CPU
		{EAE5C391-D06C-46BA-B809-E9BB621D39ED}.Release|Any CPU.Build.0 = Release|Any CPU
		{9A1B9DE0-C20D-4D64-8F42-AC83C3413C33}.Debug|Any CPU.ActiveCfg = Debug|Any CPU
		{9A1B9DE0-C20D-4D64-8F42-AC83C3413C33}.Debug|Any CPU.Build.0 = Debug|Any CPU
		{9A1B9DE0-C20D-4D64-8F42-AC83C3413C33}.Release|Any CPU.ActiveCfg = Release|Any CPU
		{9A1B9DE0-C20D-4D64-8F42-AC83C3413C33}.Release|Any CPU.Build.0 = Release|Any CPU
		{E15A346A-10FC-4499-8493-BBDA2E394196}.Debug|Any CPU.ActiveCfg = Debug|Any CPU
		{E15A346A-10FC-4499-8493-BBDA2E394196}.Debug|Any CPU.Build.0 = Debug|Any CPU
		{E15A346A-10FC-4499-8493-BBDA2E394196}.Release|Any CPU.ActiveCfg = Release|Any CPU
		{E15A346A-10FC-4499-8493-BBDA2E394196}.Release|Any CPU.Build.0 = Release|Any CPU
		{88881FA0-F162-49B6-9448-DF335FC589DD}.Debug|Any CPU.ActiveCfg = Debug|Any CPU
		{88881FA0-F162-49B6-9448-DF335FC589DD}.Debug|Any CPU.Build.0 = Debug|Any CPU
		{88881FA0-F162-49B6-9448-DF335FC589DD}.Release|Any CPU.ActiveCfg = Release|Any CPU
		{88881FA0-F162-49B6-9448-DF335FC589DD}.Release|Any CPU.Build.0 = Release|Any CPU
		{B4BAEFBD-7261-49FE-8B07-0D7C6A1B664A}.Debug|Any CPU.ActiveCfg = Debug|Any CPU
		{B4BAEFBD-7261-49FE-8B07-0D7C6A1B664A}.Debug|Any CPU.Build.0 = Debug|Any CPU
		{B4BAEFBD-7261-49FE-8B07-0D7C6A1B664A}.Release|Any CPU.ActiveCfg = Release|Any CPU
		{B4BAEFBD-7261-49FE-8B07-0D7C6A1B664A}.Release|Any CPU.Build.0 = Release|Any CPU
		{E49C07CA-9E5D-4694-87CB-FA330905789F}.Debug|Any CPU.ActiveCfg = Debug|Any CPU
		{E49C07CA-9E5D-4694-87CB-FA330905789F}.Debug|Any CPU.Build.0 = Debug|Any CPU
		{E49C07CA-9E5D-4694-87CB-FA330905789F}.Release|Any CPU.ActiveCfg = Release|Any CPU
		{E49C07CA-9E5D-4694-87CB-FA330905789F}.Release|Any CPU.Build.0 = Release|Any CPU
		{CAD481D6-740D-4FB0-9CEC-4ABC25FF449D}.Debug|Any CPU.ActiveCfg = Debug|Any CPU
		{CAD481D6-740D-4FB0-9CEC-4ABC25FF449D}.Debug|Any CPU.Build.0 = Debug|Any CPU
		{CAD481D6-740D-4FB0-9CEC-4ABC25FF449D}.Release|Any CPU.ActiveCfg = Release|Any CPU
		{CAD481D6-740D-4FB0-9CEC-4ABC25FF449D}.Release|Any CPU.Build.0 = Release|Any CPU
		{B0CC9BDF-24B0-4B50-8F9B-7180A348E735}.Debug|Any CPU.ActiveCfg = Debug|Any CPU
		{B0CC9BDF-24B0-4B50-8F9B-7180A348E735}.Debug|Any CPU.Build.0 = Debug|Any CPU
		{B0CC9BDF-24B0-4B50-8F9B-7180A348E735}.Release|Any CPU.ActiveCfg = Release|Any CPU
		{B0CC9BDF-24B0-4B50-8F9B-7180A348E735}.Release|Any CPU.Build.0 = Release|Any CPU
		{1B3E0B71-8393-429E-BF3D-5980955B9EC2}.Debug|Any CPU.ActiveCfg = Debug|Any CPU
		{1B3E0B71-8393-429E-BF3D-5980955B9EC2}.Debug|Any CPU.Build.0 = Debug|Any CPU
		{1B3E0B71-8393-429E-BF3D-5980955B9EC2}.Release|Any CPU.ActiveCfg = Release|Any CPU
		{1B3E0B71-8393-429E-BF3D-5980955B9EC2}.Release|Any CPU.Build.0 = Release|Any CPU
		{842025B8-8392-4FA8-9631-3E725AE355EF}.Debug|Any CPU.ActiveCfg = Debug|Any CPU
		{842025B8-8392-4FA8-9631-3E725AE355EF}.Debug|Any CPU.Build.0 = Debug|Any CPU
		{842025B8-8392-4FA8-9631-3E725AE355EF}.Release|Any CPU.ActiveCfg = Release|Any CPU
		{842025B8-8392-4FA8-9631-3E725AE355EF}.Release|Any CPU.Build.0 = Release|Any CPU
		{53542F33-FC69-4196-B43D-53D626E78F8C}.Debug|Any CPU.ActiveCfg = Debug|Any CPU
		{53542F33-FC69-4196-B43D-53D626E78F8C}.Debug|Any CPU.Build.0 = Debug|Any CPU
		{53542F33-FC69-4196-B43D-53D626E78F8C}.Release|Any CPU.ActiveCfg = Release|Any CPU
		{53542F33-FC69-4196-B43D-53D626E78F8C}.Release|Any CPU.Build.0 = Release|Any CPU
		{A4FEB8F4-D667-432E-8430-DDC7CE3D4FC4}.Debug|Any CPU.ActiveCfg = Debug|Any CPU
		{A4FEB8F4-D667-432E-8430-DDC7CE3D4FC4}.Debug|Any CPU.Build.0 = Debug|Any CPU
		{A4FEB8F4-D667-432E-8430-DDC7CE3D4FC4}.Release|Any CPU.ActiveCfg = Release|Any CPU
		{A4FEB8F4-D667-432E-8430-DDC7CE3D4FC4}.Release|Any CPU.Build.0 = Release|Any CPU
	EndGlobalSection
	GlobalSection(SolutionProperties) = preSolution
		HideSolutionNode = FALSE
	EndGlobalSection
	GlobalSection(NestedProjects) = preSolution
		{CABB804A-AE12-4D2C-8BB5-6D54F91C4A5D} = {02EA681E-C7D8-13C7-8484-4AC65E1B71E8}
		{552E8EE4-B039-44F8-9EA1-B527570EA3FE} = {02EA681E-C7D8-13C7-8484-4AC65E1B71E8}
		{C52194B8-94C8-44BC-8E7E-682FDFAA18CE} = {32E5CC52-1337-42EA-AB95-AC1F7688548A}
		{FB5C167B-D3DE-434D-AA25-F2F5D8D79118} = {32E5CC52-1337-42EA-AB95-AC1F7688548A}
		{0E9B098A-CC6E-4E62-B3D2-5D23908BC472} = {32E5CC52-1337-42EA-AB95-AC1F7688548A}
		{8C0E8C31-F745-4FF0-87C6-A76075CD3776} = {2A1A2ED7-B62A-4DB2-8781-B725914770B8}
		{8C481E03-0E43-4D80-B476-ABE28E29A777} = {2A1A2ED7-B62A-4DB2-8781-B725914770B8}
		{EAE5C391-D06C-46BA-B809-E9BB621D39ED} = {32E5CC52-1337-42EA-AB95-AC1F7688548A}
		{9A1B9DE0-C20D-4D64-8F42-AC83C3413C33} = {32E5CC52-1337-42EA-AB95-AC1F7688548A}
		{E15A346A-10FC-4499-8493-BBDA2E394196} = {32E5CC52-1337-42EA-AB95-AC1F7688548A}
		{88881FA0-F162-49B6-9448-DF335FC589DD} = {32E5CC52-1337-42EA-AB95-AC1F7688548A}
		{B4BAEFBD-7261-49FE-8B07-0D7C6A1B664A} = {32E5CC52-1337-42EA-AB95-AC1F7688548A}
		{E49C07CA-9E5D-4694-87CB-FA330905789F} = {3976A8D8-A1FE-44E7-93F6-A04A4CF8428E}
		{CAD481D6-740D-4FB0-9CEC-4ABC25FF449D} = {3976A8D8-A1FE-44E7-93F6-A04A4CF8428E}
		{B0CC9BDF-24B0-4B50-8F9B-7180A348E735} = {3976A8D8-A1FE-44E7-93F6-A04A4CF8428E}
		{1B3E0B71-8393-429E-BF3D-5980955B9EC2} = {3976A8D8-A1FE-44E7-93F6-A04A4CF8428E}
		{842025B8-8392-4FA8-9631-3E725AE355EF} = {3976A8D8-A1FE-44E7-93F6-A04A4CF8428E}
		{53542F33-FC69-4196-B43D-53D626E78F8C} = {3976A8D8-A1FE-44E7-93F6-A04A4CF8428E}
		{A4FEB8F4-D667-432E-8430-DDC7CE3D4FC4} = {32E5CC52-1337-42EA-AB95-AC1F7688548A}
	EndGlobalSection
	GlobalSection(ExtensibilityGlobals) = postSolution
		SolutionGuid = {9496D9DD-75CF-4E80-A086-A8578FF1A366}
	EndGlobalSection
EndGlobal
