
Microsoft Visual Studio Solution File, Format Version 12.00
# Visual Studio Version 17
VisualStudioVersion = 17.14.36804.6
MinimumVisualStudioVersion = 10.0.40219.1
Project("{FAE04EC0-301F-11D3-BF4B-00C04F79EFBC}") = "FZK.Shell", "FZK.Shell\FZK.Shell.csproj", "{62BBBCB2-62F1-4765-9976-FA9EFEC2C4F5}"
EndProject
Project("{2150E333-8FDC-42A3-9474-1A3956D46DE8}") = "解决方案项", "解决方案项", "{9FA3D6BD-1EC1-3BA5-80CB-CE02773A58D5}"
	ProjectSection(SolutionItems) = preProject
		开发日志.txt = 开发日志.txt
	EndProjectSection
EndProject
Project("{2150E333-8FDC-42A3-9474-1A3956D46DE8}") = "Common", "Common", "{02EA681E-C7D8-13C7-8484-4AC65E1B71E8}"
EndProject
Project("{FAE04EC0-301F-11D3-BF4B-00C04F79EFBC}") = "FZK.Logger", "FZK.Logger\FZK.Logger.csproj", "{CABB804A-AE12-4D2C-8BB5-6D54F91C4A5D}"
EndProject
Project("{FAE04EC0-301F-11D3-BF4B-00C04F79EFBC}") = "FZK.Core", "FZK.Core\FZK.Core.csproj", "{552E8EE4-B039-44F8-9EA1-B527570EA3FE}"
EndProject
Project("{2150E333-8FDC-42A3-9474-1A3956D46DE8}") = "Application", "Application", "{32E5CC52-1337-42EA-AB95-AC1F7688548A}"
EndProject
Project("{FAE04EC0-301F-11D3-BF4B-00C04F79EFBC}") = "FZK.Application.UI", "FZK.Application.UI\FZK.Application.UI.csproj", "{C52194B8-94C8-44BC-8E7E-682FDFAA18CE}"
EndProject
Project("{FAE04EC0-301F-11D3-BF4B-00C04F79EFBC}") = "FZK.Application.Login", "FZK.Application.Login\FZK.Application.Login.csproj", "{FB5C167B-D3DE-434D-AA25-F2F5D8D79118}"
EndProject
Project("{FAE04EC0-301F-11D3-BF4B-00C04F79EFBC}") = "FZK.Application.Designer", "FZK.Application.Designer\FZK.Application.Designer.csproj", "{0E9B098A-CC6E-4E62-B3D2-5D23908BC472}"
EndProject
Project("{2150E333-8FDC-42A3-9474-1A3956D46DE8}") = "Datebase", "Datebase", "{2A1A2ED7-B62A-4DB2-8781-B725914770B8}"
EndProject
Project("{FAE04EC0-301F-11D3-BF4B-00C04F79EFBC}") = "FZK.Database.Base", "FZK.Database.Base\FZK.Database.Base.csproj", "{8C0E8C31-F745-4FF0-87C6-A76075CD3776}"
EndProject
Project("{FAE04EC0-301F-11D3-BF4B-00C04F79EFBC}") = "FZK.Databse.Sqlite", "FZK.Databse.Sqlite\FZK.Databse.Sqlite.csproj", "{8C481E03-0E43-4D80-B476-ABE28E29A777}"
EndProject
Global
	GlobalSection(SolutionConfigurationPlatforms) = preSolution
		Debug|Any CPU = Debug|Any CPU
		Release|Any CPU = Release|Any CPU
	EndGlobalSection
	GlobalSection(ProjectConfigurationPlatforms) = postSolution
		{62BBBCB2-62F1-4765-9976-FA9EFEC2C4F5}.Debug|Any CPU.ActiveCfg = Debug|Any CPU
		{62BBBCB2-62F1-4765-9976-FA9EFEC2C4F5}.Debug|Any CPU.Build.0 = Debug|Any CPU
		{62BBBCB2-62F1-4765-9976-FA9EFEC2C4F5}.Release|Any CPU.ActiveCfg = Release|Any CPU
		{62BBBCB2-62F1-4765-9976-FA9EFEC2C4F5}.Release|Any CPU.Build.0 = Release|Any CPU
		{CABB804A-AE12-4D2C-8BB5-6D54F91C4A5D}.Debug|Any CPU.ActiveCfg = Debug|Any CPU
		{CABB804A-AE12-4D2C-8BB5-6D54F91C4A5D}.Debug|Any CPU.Build.0 = Debug|Any CPU
		{CABB804A-AE12-4D2C-8BB5-6D54F91C4A5D}.Release|Any CPU.ActiveCfg = Release|Any CPU
		{CABB804A-AE12-4D2C-8BB5-6D54F91C4A5D}.Release|Any CPU.Build.0 = Release|Any CPU
		{552E8EE4-B039-44F8-9EA1-B527570EA3FE}.Debug|Any CPU.ActiveCfg = Debug|Any CPU
		{552E8EE4-B039-44F8-9EA1-B527570EA3FE}.Debug|Any CPU.Build.0 = Debug|Any CPU
		{552E8EE4-B039-44F8-9EA1-B527570EA3FE}.Release|Any CPU.ActiveCfg = Release|Any CPU
		{552E8EE4-B039-44F8-9EA1-B527570EA3FE}.Release|Any CPU.Build.0 = Release|Any CPU
		{C52194B8-94C8-44BC-8E7E-682FDFAA18CE}.Debug|Any CPU.ActiveCfg = Debug|Any CPU
		{C52194B8-94C8-44BC-8E7E-682FDFAA18CE}.Debug|Any CPU.Build.0 = Debug|Any CPU
		{C52194B8-94C8-44BC-8E7E-682FDFAA18CE}.Release|Any CPU.ActiveCfg = Release|Any CPU
		{C52194B8-94C8-44BC-8E7E-682FDFAA18CE}.Release|Any CPU.Build.0 = Release|Any CPU
		{FB5C167B-D3DE-434D-AA25-F2F5D8D79118}.Debug|Any CPU.ActiveCfg = Debug|Any CPU
		{FB5C167B-D3DE-434D-AA25-F2F5D8D79118}.Debug|Any CPU.Build.0 = Debug|Any CPU
		{FB5C167B-D3DE-434D-AA25-F2F5D8D79118}.Release|Any CPU.ActiveCfg = Release|Any CPU
		{FB5C167B-D3DE-434D-AA25-F2F5D8D79118}.Release|Any CPU.Build.0 = Release|Any CPU
		{0E9B098A-CC6E-4E62-B3D2-5D23908BC472}.Debug|Any CPU.ActiveCfg = Debug|Any CPU
		{0E9B098A-CC6E-4E62-B3D2-5D23908BC472}.Debug|Any CPU.Build.0 = Debug|Any CPU
		{0E9B098A-CC6E-4E62-B3D2-5D23908BC472}.Release|Any CPU.ActiveCfg = Release|Any CPU
		{0E9B098A-CC6E-4E62-B3D2-5D23908BC472}.Release|Any CPU.Build.0 = Release|Any CPU
		{8C0E8C31-F745-4FF0-87C6-A76075CD3776}.Debug|Any CPU.ActiveCfg = Debug|Any CPU
		{8C0E8C31-F745-4FF0-87C6-A76075CD3776}.Debug|Any CPU.Build.0 = Debug|Any CPU
		{8C0E8C31-F745-4FF0-87C6-A76075CD3776}.Release|Any CPU.ActiveCfg = Release|Any CPU
		{8C0E8C31-F745-4FF0-87C6-A76075CD3776}.Release|Any CPU.Build.0 = Release|Any CPU
		{8C481E03-0E43-4D80-B476-ABE28E29A777}.Debug|Any CPU.ActiveCfg = Debug|Any CPU
		{8C481E03-0E43-4D80-B476-ABE28E29A777}.Debug|Any CPU.Build.0 = Debug|Any CPU
		{8C481E03-0E43-4D80-B476-ABE28E29A777}.Release|Any CPU.ActiveCfg = Release|Any CPU
		{8C481E03-0E43-4D80-B476-ABE28E29A777}.Release|Any CPU.Build.0 = Release|Any CPU
	EndGlobalSection
	GlobalSection(SolutionProperties) = preSolution
		HideSolutionNode = FALSE
	EndGlobalSection
	GlobalSection(NestedProjects) = preSolution
		{CABB804A-AE12-4D2C-8BB5-6D54F91C4A5D} = {02EA681E-C7D8-13C7-8484-4AC65E1B71E8}
		{552E8EE4-B039-44F8-9EA1-B527570EA3FE} = {02EA681E-C7D8-13C7-8484-4AC65E1B71E8}
		{C52194B8-94C8-44BC-8E7E-682FDFAA18CE} = {32E5CC52-1337-42EA-AB95-AC1F7688548A}
		{FB5C167B-D3DE-434D-AA25-F2F5D8D79118} = {32E5CC52-1337-42EA-AB95-AC1F7688548A}
		{0E9B098A-CC6E-4E62-B3D2-5D23908BC472} = {32E5CC52-1337-42EA-AB95-AC1F7688548A}
		{8C0E8C31-F745-4FF0-87C6-A76075CD3776} = {2A1A2ED7-B62A-4DB2-8781-B725914770B8}
		{8C481E03-0E43-4D80-B476-ABE28E29A777} = {2A1A2ED7-B62A-4DB2-8781-B725914770B8}
	EndGlobalSection
	GlobalSection(ExtensibilityGlobals) = postSolution
		SolutionGuid = {9496D9DD-75CF-4E80-A086-A8578FF1A366}
	EndGlobalSection
EndGlobal
